
Microsoft Visual Studio Solution File, Format Version 12.00
# Visual Studio 15
VisualStudioVersion = 15.0.28307.1000
MinimumVisualStudioVersion = 10.0.40219.1
Project("{FAE04EC0-301F-11D3-BF4B-00C04F79EFBC}") = "Forms_Api", "Forms_Api\Forms_Api.csproj", "{D4A3FB44-772D-4DB9-BF36-21BF9CD32C74}"
EndProject
Global
	GlobalSection(SolutionConfigurationPlatforms) = preSolution
		Debug|Any CPU = Debug|Any CPU
		Release|Any CPU = Release|Any CPU
	EndGlobalSection
	GlobalSection(ProjectConfigurationPlatforms) = postSolution
		{D4A3FB44-772D-4DB9-BF36-21BF9CD32C74}.Debug|Any CPU.ActiveCfg = Debug|Any CPU
		{D4A3FB44-772D-4DB9-BF36-21BF9CD32C74}.Debug|Any CPU.Build.0 = Debug|Any CPU
		{D4A3FB44-772D-4DB9-BF36-21BF9CD32C74}.Release|Any CPU.ActiveCfg = Release|Any CPU
		{D4A3FB44-772D-4DB9-BF36-21BF9CD32C74}.Release|Any CPU.Build.0 = Release|Any CPU
	EndGlobalSection
	GlobalSection(SolutionProperties) = preSolution
		HideSolutionNode = FALSE
	EndGlobalSection
	GlobalSection(ExtensibilityGlobals) = postSolution
		SolutionGuid = {C925C6BF-AD59-4E1E-8331-2C7868F9BDEA}
	EndGlobalSection
EndGlobal
